
Microsoft Visual Studio Solution File, Format Version 12.00
# Visual Studio Version 17
VisualStudioVersion = 17.1.32210.238
MinimumVisualStudioVersion = 10.0.40219.1
Project("{2150E333-8FDC-42A3-9474-1A3956D46DE8}") = "Core", "Core", "{94BF19F4-3C90-4BD4-B6C1-5DED899CA813}"
EndProject
Project("{2150E333-8FDC-42A3-9474-1A3956D46DE8}") = "InfraStructure", "InfraStructure", "{061136C9-381A-4793-8EFA-BE47970EADED}"
EndProject
Project("{2150E333-8FDC-42A3-9474-1A3956D46DE8}") = "Presentation", "Presentation", "{FF164C9B-267F-4B3B-84DE-045C5C76DD0E}"
EndProject
Project("{2150E333-8FDC-42A3-9474-1A3956D46DE8}") = "Api", "Api", "{1A46ED9B-E712-4C01-9ADC-0BC624D0954D}"
EndProject
Project("{FAE04EC0-301F-11D3-BF4B-00C04F79EFBC}") = "DynataFront", "DynataFront\DynataFront.csproj", "{79437DF5-D50C-41DE-99B6-17015B991B49}"
EndProject
Project("{FAE04EC0-301F-11D3-BF4B-00C04F79EFBC}") = "Application", "Application\Application.csproj", "{DF432029-7790-41A3-81C3-38696A277996}"
EndProject
Project("{FAE04EC0-301F-11D3-BF4B-00C04F79EFBC}") = "Domain", "Domain\Domain.csproj", "{14BF188E-4131-4DC7-B6AB-3987DC816C83}"
EndProject
Project("{FAE04EC0-301F-11D3-BF4B-00C04F79EFBC}") = "Persistence", "Persistence\Persistence.csproj", "{7F545F15-0CF8-408F-AB72-EAB94DC2A14A}"
EndProject
Project("{FAE04EC0-301F-11D3-BF4B-00C04F79EFBC}") = "Shared", "Shared\Shared.csproj", "{15F52F02-4C9F-45F4-8D37-AEFFFF3EB582}"
EndProject
Global
	GlobalSection(SolutionConfigurationPlatforms) = preSolution
		Debug|Any CPU = Debug|Any CPU
		Release|Any CPU = Release|Any CPU
	EndGlobalSection
	GlobalSection(ProjectConfigurationPlatforms) = postSolution
		{79437DF5-D50C-41DE-99B6-17015B991B49}.Debug|Any CPU.ActiveCfg = Debug|Any CPU
		{79437DF5-D50C-41DE-99B6-17015B991B49}.Debug|Any CPU.Build.0 = Debug|Any CPU
		{79437DF5-D50C-41DE-99B6-17015B991B49}.Release|Any CPU.ActiveCfg = Release|Any CPU
		{79437DF5-D50C-41DE-99B6-17015B991B49}.Release|Any CPU.Build.0 = Release|Any CPU
		{DF432029-7790-41A3-81C3-38696A277996}.Debug|Any CPU.ActiveCfg = Debug|Any CPU
		{DF432029-7790-41A3-81C3-38696A277996}.Debug|Any CPU.Build.0 = Debug|Any CPU
		{DF432029-7790-41A3-81C3-38696A277996}.Release|Any CPU.ActiveCfg = Release|Any CPU
		{DF432029-7790-41A3-81C3-38696A277996}.Release|Any CPU.Build.0 = Release|Any CPU
		{14BF188E-4131-4DC7-B6AB-3987DC816C83}.Debug|Any CPU.ActiveCfg = Debug|Any CPU
		{14BF188E-4131-4DC7-B6AB-3987DC816C83}.Debug|Any CPU.Build.0 = Debug|Any CPU
		{14BF188E-4131-4DC7-B6AB-3987DC816C83}.Release|Any CPU.ActiveCfg = Release|Any CPU
		{14BF188E-4131-4DC7-B6AB-3987DC816C83}.Release|Any CPU.Build.0 = Release|Any CPU
		{7F545F15-0CF8-408F-AB72-EAB94DC2A14A}.Debug|Any CPU.ActiveCfg = Debug|Any CPU
		{7F545F15-0CF8-408F-AB72-EAB94DC2A14A}.Debug|Any CPU.Build.0 = Debug|Any CPU
		{7F545F15-0CF8-408F-AB72-EAB94DC2A14A}.Release|Any CPU.ActiveCfg = Release|Any CPU
		{7F545F15-0CF8-408F-AB72-EAB94DC2A14A}.Release|Any CPU.Build.0 = Release|Any CPU
		{15F52F02-4C9F-45F4-8D37-AEFFFF3EB582}.Debug|Any CPU.ActiveCfg = Debug|Any CPU
		{15F52F02-4C9F-45F4-8D37-AEFFFF3EB582}.Debug|Any CPU.Build.0 = Debug|Any CPU
		{15F52F02-4C9F-45F4-8D37-AEFFFF3EB582}.Release|Any CPU.ActiveCfg = Release|Any CPU
		{15F52F02-4C9F-45F4-8D37-AEFFFF3EB582}.Release|Any CPU.Build.0 = Release|Any CPU
	EndGlobalSection
	GlobalSection(SolutionProperties) = preSolution
		HideSolutionNode = FALSE
	EndGlobalSection
	GlobalSection(NestedProjects) = preSolution
		{79437DF5-D50C-41DE-99B6-17015B991B49} = {FF164C9B-267F-4B3B-84DE-045C5C76DD0E}
		{DF432029-7790-41A3-81C3-38696A277996} = {94BF19F4-3C90-4BD4-B6C1-5DED899CA813}
		{14BF188E-4131-4DC7-B6AB-3987DC816C83} = {94BF19F4-3C90-4BD4-B6C1-5DED899CA813}
		{7F545F15-0CF8-408F-AB72-EAB94DC2A14A} = {061136C9-381A-4793-8EFA-BE47970EADED}
		{15F52F02-4C9F-45F4-8D37-AEFFFF3EB582} = {061136C9-381A-4793-8EFA-BE47970EADED}
	EndGlobalSection
	GlobalSection(ExtensibilityGlobals) = postSolution
		SolutionGuid = {77CD11FC-B3E1-40CA-B2D8-50FFAC341C3B}
	EndGlobalSection
EndGlobal
